
Microsoft Visual Studio Solution File, Format Version 12.00
# Visual Studio 15
VisualStudioVersion = 15.0.28307.136
MinimumVisualStudioVersion = 10.0.40219.1
Project("{FAE04EC0-301F-11D3-BF4B-00C04F79EFBC}") = "Sorting", "NET.S.2019.Baranovskaya.01\Sorting.csproj", "{F23DC1A3-5287-486A-A5BB-80FB863E1F2B}"
EndProject
Project("{FAE04EC0-301F-11D3-BF4B-00C04F79EFBC}") = "Sorting.Tests", "Sorting.Tests\Sorting.Tests.csproj", "{8C0FE4E2-6D7B-458C-A8DF-413C7C6229DC}"
EndProject
Global
	GlobalSection(SolutionConfigurationPlatforms) = preSolution
		Debug|Any CPU = Debug|Any CPU
		Release|Any CPU = Release|Any CPU
	EndGlobalSection
	GlobalSection(ProjectConfigurationPlatforms) = postSolution
		{F23DC1A3-5287-486A-A5BB-80FB863E1F2B}.Debug|Any CPU.ActiveCfg = Debug|Any CPU
		{F23DC1A3-5287-486A-A5BB-80FB863E1F2B}.Debug|Any CPU.Build.0 = Debug|Any CPU
		{F23DC1A3-5287-486A-A5BB-80FB863E1F2B}.Release|Any CPU.ActiveCfg = Release|Any CPU
		{F23DC1A3-5287-486A-A5BB-80FB863E1F2B}.Release|Any CPU.Build.0 = Release|Any CPU
		{8C0FE4E2-6D7B-458C-A8DF-413C7C6229DC}.Debug|Any CPU.ActiveCfg = Debug|Any CPU
		{8C0FE4E2-6D7B-458C-A8DF-413C7C6229DC}.Debug|Any CPU.Build.0 = Debug|Any CPU
		{8C0FE4E2-6D7B-458C-A8DF-413C7C6229DC}.Release|Any CPU.ActiveCfg = Release|Any CPU
		{8C0FE4E2-6D7B-458C-A8DF-413C7C6229DC}.Release|Any CPU.Build.0 = Release|Any CPU
	EndGlobalSection
	GlobalSection(SolutionProperties) = preSolution
		HideSolutionNode = FALSE
	EndGlobalSection
	GlobalSection(ExtensibilityGlobals) = postSolution
		SolutionGuid = {4B2CD2C2-933F-4668-B3E9-4EC94C492AED}
	EndGlobalSection
EndGlobal
