
Microsoft Visual Studio Solution File, Format Version 12.00
# Visual Studio 15
VisualStudioVersion = 15.0.28307.136
MinimumVisualStudioVersion = 10.0.40219.1
Project("{FAE04EC0-301F-11D3-BF4B-00C04F79EFBC}") = "InsertNumber", "NET.S.2019.Baranovskaya.02\InsertNumber.csproj", "{BA753D39-7F29-43F3-B516-BAA587B76DD4}"
EndProject
Project("{FAE04EC0-301F-11D3-BF4B-00C04F79EFBC}") = "FindNextBiggerNumber", "FindNextBiggerNumber\FindNextBiggerNumber.csproj", "{E25E56A1-D0E6-4AAF-8084-9E7E776F88D8}"
EndProject
Project("{FAE04EC0-301F-11D3-BF4B-00C04F79EFBC}") = "FilterDigit", "FilterDigit\FilterDigit.csproj", "{38EDF024-42BE-4423-8347-01FB600A0E7A}"
EndProject
Project("{FAE04EC0-301F-11D3-BF4B-00C04F79EFBC}") = "FindNthRoot", "FindNthRoot\FindNthRoot.csproj", "{6ECF272E-818C-46FE-8C31-CFE6E8FB4191}"
EndProject
Project("{FAE04EC0-301F-11D3-BF4B-00C04F79EFBC}") = "FindNextBiggerNumber.Tests", "FindNextBiggerNumber.Tests\FindNextBiggerNumber.Tests.csproj", "{185FA6A4-7D20-4F3D-B9A5-B6E4B61A34FF}"
EndProject
Global
	GlobalSection(SolutionConfigurationPlatforms) = preSolution
		Debug|Any CPU = Debug|Any CPU
		Release|Any CPU = Release|Any CPU
	EndGlobalSection
	GlobalSection(ProjectConfigurationPlatforms) = postSolution
		{BA753D39-7F29-43F3-B516-BAA587B76DD4}.Debug|Any CPU.ActiveCfg = Debug|Any CPU
		{BA753D39-7F29-43F3-B516-BAA587B76DD4}.Debug|Any CPU.Build.0 = Debug|Any CPU
		{BA753D39-7F29-43F3-B516-BAA587B76DD4}.Release|Any CPU.ActiveCfg = Release|Any CPU
		{BA753D39-7F29-43F3-B516-BAA587B76DD4}.Release|Any CPU.Build.0 = Release|Any CPU
		{E25E56A1-D0E6-4AAF-8084-9E7E776F88D8}.Debug|Any CPU.ActiveCfg = Debug|Any CPU
		{E25E56A1-D0E6-4AAF-8084-9E7E776F88D8}.Debug|Any CPU.Build.0 = Debug|Any CPU
		{E25E56A1-D0E6-4AAF-8084-9E7E776F88D8}.Release|Any CPU.ActiveCfg = Release|Any CPU
		{E25E56A1-D0E6-4AAF-8084-9E7E776F88D8}.Release|Any CPU.Build.0 = Release|Any CPU
		{38EDF024-42BE-4423-8347-01FB600A0E7A}.Debug|Any CPU.ActiveCfg = Debug|Any CPU
		{38EDF024-42BE-4423-8347-01FB600A0E7A}.Debug|Any CPU.Build.0 = Debug|Any CPU
		{38EDF024-42BE-4423-8347-01FB600A0E7A}.Release|Any CPU.ActiveCfg = Release|Any CPU
		{38EDF024-42BE-4423-8347-01FB600A0E7A}.Release|Any CPU.Build.0 = Release|Any CPU
		{6ECF272E-818C-46FE-8C31-CFE6E8FB4191}.Debug|Any CPU.ActiveCfg = Debug|Any CPU
		{6ECF272E-818C-46FE-8C31-CFE6E8FB4191}.Debug|Any CPU.Build.0 = Debug|Any CPU
		{6ECF272E-818C-46FE-8C31-CFE6E8FB4191}.Release|Any CPU.ActiveCfg = Release|Any CPU
		{6ECF272E-818C-46FE-8C31-CFE6E8FB4191}.Release|Any CPU.Build.0 = Release|Any CPU
		{185FA6A4-7D20-4F3D-B9A5-B6E4B61A34FF}.Debug|Any CPU.ActiveCfg = Debug|Any CPU
		{185FA6A4-7D20-4F3D-B9A5-B6E4B61A34FF}.Debug|Any CPU.Build.0 = Debug|Any CPU
		{185FA6A4-7D20-4F3D-B9A5-B6E4B61A34FF}.Release|Any CPU.ActiveCfg = Release|Any CPU
		{185FA6A4-7D20-4F3D-B9A5-B6E4B61A34FF}.Release|Any CPU.Build.0 = Release|Any CPU
	EndGlobalSection
	GlobalSection(SolutionProperties) = preSolution
		HideSolutionNode = FALSE
	EndGlobalSection
	GlobalSection(ExtensibilityGlobals) = postSolution
		SolutionGuid = {D5A906B2-5B2A-41D7-A0FC-25EC0A41FAFB}
	EndGlobalSection
EndGlobal
