
Microsoft Visual Studio Solution File, Format Version 12.00
# Visual Studio 15
VisualStudioVersion = 15.0.28307.136
MinimumVisualStudioVersion = 10.0.40219.1
Project("{FAE04EC0-301F-11D3-BF4B-00C04F79EFBC}") = "GDC", "NET.S.2019.Baranovskaya.03\GDC.csproj", "{A50E0422-416A-492C-B40F-92BC44272190}"
EndProject
Project("{FAE04EC0-301F-11D3-BF4B-00C04F79EFBC}") = "StringExtension", "StringExtension\StringExtension.csproj", "{FA96BCDC-0DD5-492E-92B4-66C230F7BBC4}"
EndProject
Project("{FAE04EC0-301F-11D3-BF4B-00C04F79EFBC}") = "StringExtension.Tests", "StringExtension.Tests\StringExtension.Tests.csproj", "{537989D6-7746-498A-B9A6-DC643570D3C6}"
EndProject
Project("{FAE04EC0-301F-11D3-BF4B-00C04F79EFBC}") = "GDC.Tests", "GDC.Tests\GDC.Tests.csproj", "{E8AB5B78-DBAF-403C-84F6-964214DBA4FE}"
EndProject
Global
	GlobalSection(SolutionConfigurationPlatforms) = preSolution
		Debug|Any CPU = Debug|Any CPU
		Release|Any CPU = Release|Any CPU
	EndGlobalSection
	GlobalSection(ProjectConfigurationPlatforms) = postSolution
		{A50E0422-416A-492C-B40F-92BC44272190}.Debug|Any CPU.ActiveCfg = Debug|Any CPU
		{A50E0422-416A-492C-B40F-92BC44272190}.Debug|Any CPU.Build.0 = Debug|Any CPU
		{A50E0422-416A-492C-B40F-92BC44272190}.Release|Any CPU.ActiveCfg = Release|Any CPU
		{A50E0422-416A-492C-B40F-92BC44272190}.Release|Any CPU.Build.0 = Release|Any CPU
		{FA96BCDC-0DD5-492E-92B4-66C230F7BBC4}.Debug|Any CPU.ActiveCfg = Debug|Any CPU
		{FA96BCDC-0DD5-492E-92B4-66C230F7BBC4}.Debug|Any CPU.Build.0 = Debug|Any CPU
		{FA96BCDC-0DD5-492E-92B4-66C230F7BBC4}.Release|Any CPU.ActiveCfg = Release|Any CPU
		{FA96BCDC-0DD5-492E-92B4-66C230F7BBC4}.Release|Any CPU.Build.0 = Release|Any CPU
		{537989D6-7746-498A-B9A6-DC643570D3C6}.Debug|Any CPU.ActiveCfg = Debug|Any CPU
		{537989D6-7746-498A-B9A6-DC643570D3C6}.Debug|Any CPU.Build.0 = Debug|Any CPU
		{537989D6-7746-498A-B9A6-DC643570D3C6}.Release|Any CPU.ActiveCfg = Release|Any CPU
		{537989D6-7746-498A-B9A6-DC643570D3C6}.Release|Any CPU.Build.0 = Release|Any CPU
		{E8AB5B78-DBAF-403C-84F6-964214DBA4FE}.Debug|Any CPU.ActiveCfg = Debug|Any CPU
		{E8AB5B78-DBAF-403C-84F6-964214DBA4FE}.Debug|Any CPU.Build.0 = Debug|Any CPU
		{E8AB5B78-DBAF-403C-84F6-964214DBA4FE}.Release|Any CPU.ActiveCfg = Release|Any CPU
		{E8AB5B78-DBAF-403C-84F6-964214DBA4FE}.Release|Any CPU.Build.0 = Release|Any CPU
	EndGlobalSection
	GlobalSection(SolutionProperties) = preSolution
		HideSolutionNode = FALSE
	EndGlobalSection
	GlobalSection(ExtensibilityGlobals) = postSolution
		SolutionGuid = {42FA2948-F218-4CA8-8071-67183A41C04B}
	EndGlobalSection
EndGlobal
