
Microsoft Visual Studio Solution File, Format Version 12.00
# Visual Studio 15
VisualStudioVersion = 15.0.28307.136
MinimumVisualStudioVersion = 10.0.40219.1
Project("{FAE04EC0-301F-11D3-BF4B-00C04F79EFBC}") = "Fibonacci", "NET.S.2019.Baranovskaya.11\Fibonacci.csproj", "{9A9CFC83-6F17-48EE-B024-F8021B20D6D5}"
EndProject
Project("{9A19103F-16F7-4668-BE54-9A1E7A4F7556}") = "Fibonacci.Tests", "Fibonacci.Tests\Fibonacci.Tests.csproj", "{34D728B7-B91F-4EBD-AAE6-42B639752582}"
EndProject
Project("{FAE04EC0-301F-11D3-BF4B-00C04F79EFBC}") = "BinarySearch", "BinarySearch\BinarySearch.csproj", "{C21248B9-2C55-4BE4-873E-7C793BB89FED}"
EndProject
Project("{9A19103F-16F7-4668-BE54-9A1E7A4F7556}") = "BinarySearch.Tests", "BinarySearch.Tests\BinarySearch.Tests.csproj", "{54C5361E-8259-4868-AA3E-11A99BF88CA1}"
EndProject
Project("{FAE04EC0-301F-11D3-BF4B-00C04F79EFBC}") = "Timer", "Timer\Timer.csproj", "{41A39523-C552-404C-8BFD-67E05919958F}"
EndProject
Project("{FAE04EC0-301F-11D3-BF4B-00C04F79EFBC}") = "TimerConsoleApplication", "TimerConsoleApplication\TimerConsoleApplication.csproj", "{20E472F2-52A4-4B92-A098-B542AAE2FC2F}"
EndProject
Project("{FAE04EC0-301F-11D3-BF4B-00C04F79EFBC}") = "Book", "Book\Book.csproj", "{C88143B5-E98B-4995-80BD-DB75470676E4}"
EndProject
Global
	GlobalSection(SolutionConfigurationPlatforms) = preSolution
		Debug|Any CPU = Debug|Any CPU
		Release|Any CPU = Release|Any CPU
	EndGlobalSection
	GlobalSection(ProjectConfigurationPlatforms) = postSolution
		{9A9CFC83-6F17-48EE-B024-F8021B20D6D5}.Debug|Any CPU.ActiveCfg = Debug|Any CPU
		{9A9CFC83-6F17-48EE-B024-F8021B20D6D5}.Debug|Any CPU.Build.0 = Debug|Any CPU
		{9A9CFC83-6F17-48EE-B024-F8021B20D6D5}.Release|Any CPU.ActiveCfg = Release|Any CPU
		{9A9CFC83-6F17-48EE-B024-F8021B20D6D5}.Release|Any CPU.Build.0 = Release|Any CPU
		{34D728B7-B91F-4EBD-AAE6-42B639752582}.Debug|Any CPU.ActiveCfg = Debug|Any CPU
		{34D728B7-B91F-4EBD-AAE6-42B639752582}.Debug|Any CPU.Build.0 = Debug|Any CPU
		{34D728B7-B91F-4EBD-AAE6-42B639752582}.Release|Any CPU.ActiveCfg = Release|Any CPU
		{34D728B7-B91F-4EBD-AAE6-42B639752582}.Release|Any CPU.Build.0 = Release|Any CPU
		{C21248B9-2C55-4BE4-873E-7C793BB89FED}.Debug|Any CPU.ActiveCfg = Debug|Any CPU
		{C21248B9-2C55-4BE4-873E-7C793BB89FED}.Debug|Any CPU.Build.0 = Debug|Any CPU
		{C21248B9-2C55-4BE4-873E-7C793BB89FED}.Release|Any CPU.ActiveCfg = Release|Any CPU
		{C21248B9-2C55-4BE4-873E-7C793BB89FED}.Release|Any CPU.Build.0 = Release|Any CPU
		{54C5361E-8259-4868-AA3E-11A99BF88CA1}.Debug|Any CPU.ActiveCfg = Debug|Any CPU
		{54C5361E-8259-4868-AA3E-11A99BF88CA1}.Debug|Any CPU.Build.0 = Debug|Any CPU
		{54C5361E-8259-4868-AA3E-11A99BF88CA1}.Release|Any CPU.ActiveCfg = Release|Any CPU
		{54C5361E-8259-4868-AA3E-11A99BF88CA1}.Release|Any CPU.Build.0 = Release|Any CPU
		{41A39523-C552-404C-8BFD-67E05919958F}.Debug|Any CPU.ActiveCfg = Debug|Any CPU
		{41A39523-C552-404C-8BFD-67E05919958F}.Debug|Any CPU.Build.0 = Debug|Any CPU
		{41A39523-C552-404C-8BFD-67E05919958F}.Release|Any CPU.ActiveCfg = Release|Any CPU
		{41A39523-C552-404C-8BFD-67E05919958F}.Release|Any CPU.Build.0 = Release|Any CPU
		{20E472F2-52A4-4B92-A098-B542AAE2FC2F}.Debug|Any CPU.ActiveCfg = Debug|Any CPU
		{20E472F2-52A4-4B92-A098-B542AAE2FC2F}.Debug|Any CPU.Build.0 = Debug|Any CPU
		{20E472F2-52A4-4B92-A098-B542AAE2FC2F}.Release|Any CPU.ActiveCfg = Release|Any CPU
		{20E472F2-52A4-4B92-A098-B542AAE2FC2F}.Release|Any CPU.Build.0 = Release|Any CPU
		{C88143B5-E98B-4995-80BD-DB75470676E4}.Debug|Any CPU.ActiveCfg = Debug|Any CPU
		{C88143B5-E98B-4995-80BD-DB75470676E4}.Debug|Any CPU.Build.0 = Debug|Any CPU
		{C88143B5-E98B-4995-80BD-DB75470676E4}.Release|Any CPU.ActiveCfg = Release|Any CPU
		{C88143B5-E98B-4995-80BD-DB75470676E4}.Release|Any CPU.Build.0 = Release|Any CPU
	EndGlobalSection
	GlobalSection(SolutionProperties) = preSolution
		HideSolutionNode = FALSE
	EndGlobalSection
	GlobalSection(ExtensibilityGlobals) = postSolution
		SolutionGuid = {17FBC26C-943F-456D-8202-8E8C06623125}
	EndGlobalSection
EndGlobal
