
Microsoft Visual Studio Solution File, Format Version 12.00
# Visual Studio 15
VisualStudioVersion = 15.0.28307.136
MinimumVisualStudioVersion = 10.0.40219.1
Project("{FAE04EC0-301F-11D3-BF4B-00C04F79EFBC}") = "Queue", "NET.S.2019.Baranovskaya.13\Queue.csproj", "{DCA5795B-09AE-4AE5-96AD-7CA4DB67072B}"
EndProject
Project("{9A19103F-16F7-4668-BE54-9A1E7A4F7556}") = "Queue.Tests", "Queue.Tests\Queue.Tests.csproj", "{E19F8814-74B1-41A5-BFB9-1C20652CE40E}"
EndProject
Project("{FAE04EC0-301F-11D3-BF4B-00C04F79EFBC}") = "Matrix", "Matrix\Matrix.csproj", "{7CAB2585-3243-48F9-B3CD-10065CFBFCE3}"
EndProject
Project("{FAE04EC0-301F-11D3-BF4B-00C04F79EFBC}") = "MatrixConsoleApplication", "MatrixConsoleApplication\MatrixConsoleApplication.csproj", "{02428864-E7D9-4104-8C9F-5449723698DA}"
EndProject
Project("{FAE04EC0-301F-11D3-BF4B-00C04F79EFBC}") = "BinarySearchTree", "BinarySearchTree\BinarySearchTree.csproj", "{3DCB4321-4F5B-4A78-A6EA-C49882085BE7}"
EndProject
Project("{FAE04EC0-301F-11D3-BF4B-00C04F79EFBC}") = "BinarySearchTree.Tests", "BinarySearchTree.Tests\BinarySearchTree.Tests.csproj", "{33CA6A94-1341-4C88-989F-0FBC6161D8E5}"
EndProject
Global
	GlobalSection(SolutionConfigurationPlatforms) = preSolution
		Debug|Any CPU = Debug|Any CPU
		Release|Any CPU = Release|Any CPU
	EndGlobalSection
	GlobalSection(ProjectConfigurationPlatforms) = postSolution
		{DCA5795B-09AE-4AE5-96AD-7CA4DB67072B}.Debug|Any CPU.ActiveCfg = Debug|Any CPU
		{DCA5795B-09AE-4AE5-96AD-7CA4DB67072B}.Debug|Any CPU.Build.0 = Debug|Any CPU
		{DCA5795B-09AE-4AE5-96AD-7CA4DB67072B}.Release|Any CPU.ActiveCfg = Release|Any CPU
		{DCA5795B-09AE-4AE5-96AD-7CA4DB67072B}.Release|Any CPU.Build.0 = Release|Any CPU
		{E19F8814-74B1-41A5-BFB9-1C20652CE40E}.Debug|Any CPU.ActiveCfg = Debug|Any CPU
		{E19F8814-74B1-41A5-BFB9-1C20652CE40E}.Debug|Any CPU.Build.0 = Debug|Any CPU
		{E19F8814-74B1-41A5-BFB9-1C20652CE40E}.Release|Any CPU.ActiveCfg = Release|Any CPU
		{E19F8814-74B1-41A5-BFB9-1C20652CE40E}.Release|Any CPU.Build.0 = Release|Any CPU
		{7CAB2585-3243-48F9-B3CD-10065CFBFCE3}.Debug|Any CPU.ActiveCfg = Debug|Any CPU
		{7CAB2585-3243-48F9-B3CD-10065CFBFCE3}.Debug|Any CPU.Build.0 = Debug|Any CPU
		{7CAB2585-3243-48F9-B3CD-10065CFBFCE3}.Release|Any CPU.ActiveCfg = Release|Any CPU
		{7CAB2585-3243-48F9-B3CD-10065CFBFCE3}.Release|Any CPU.Build.0 = Release|Any CPU
		{02428864-E7D9-4104-8C9F-5449723698DA}.Debug|Any CPU.ActiveCfg = Debug|Any CPU
		{02428864-E7D9-4104-8C9F-5449723698DA}.Debug|Any CPU.Build.0 = Debug|Any CPU
		{02428864-E7D9-4104-8C9F-5449723698DA}.Release|Any CPU.ActiveCfg = Release|Any CPU
		{02428864-E7D9-4104-8C9F-5449723698DA}.Release|Any CPU.Build.0 = Release|Any CPU
		{3DCB4321-4F5B-4A78-A6EA-C49882085BE7}.Debug|Any CPU.ActiveCfg = Debug|Any CPU
		{3DCB4321-4F5B-4A78-A6EA-C49882085BE7}.Debug|Any CPU.Build.0 = Debug|Any CPU
		{3DCB4321-4F5B-4A78-A6EA-C49882085BE7}.Release|Any CPU.ActiveCfg = Release|Any CPU
		{3DCB4321-4F5B-4A78-A6EA-C49882085BE7}.Release|Any CPU.Build.0 = Release|Any CPU
		{33CA6A94-1341-4C88-989F-0FBC6161D8E5}.Debug|Any CPU.ActiveCfg = Debug|Any CPU
		{33CA6A94-1341-4C88-989F-0FBC6161D8E5}.Debug|Any CPU.Build.0 = Debug|Any CPU
		{33CA6A94-1341-4C88-989F-0FBC6161D8E5}.Release|Any CPU.ActiveCfg = Release|Any CPU
		{33CA6A94-1341-4C88-989F-0FBC6161D8E5}.Release|Any CPU.Build.0 = Release|Any CPU
	EndGlobalSection
	GlobalSection(SolutionProperties) = preSolution
		HideSolutionNode = FALSE
	EndGlobalSection
	GlobalSection(ExtensibilityGlobals) = postSolution
		SolutionGuid = {5D863292-545B-49DF-924E-B2999B03B8AA}
	EndGlobalSection
EndGlobal
