
Microsoft Visual Studio Solution File, Format Version 12.00
# Visual Studio 15
VisualStudioVersion = 15.0.28307.136
MinimumVisualStudioVersion = 10.0.40219.1
Project("{FAE04EC0-301F-11D3-BF4B-00C04F79EFBC}") = "BookListService", "NET.S.2019.Baranovskaya.08\BookListService.csproj", "{5A181C6F-DA93-412C-AB0B-9839BCAD9235}"
EndProject
Project("{FAE04EC0-301F-11D3-BF4B-00C04F79EFBC}") = "BankSystem", "BankSystem\BankSystem.csproj", "{D29BF607-6DE3-43ED-BECB-1136F6D5ACBD}"
EndProject
Project("{FAE04EC0-301F-11D3-BF4B-00C04F79EFBC}") = "BookConsoleApplication", "BookService\BookConsoleApplication.csproj", "{DF362438-9B53-4A84-8F87-4150A4558A84}"
EndProject
Global
	GlobalSection(SolutionConfigurationPlatforms) = preSolution
		Debug|Any CPU = Debug|Any CPU
		Release|Any CPU = Release|Any CPU
	EndGlobalSection
	GlobalSection(ProjectConfigurationPlatforms) = postSolution
		{5A181C6F-DA93-412C-AB0B-9839BCAD9235}.Debug|Any CPU.ActiveCfg = Debug|Any CPU
		{5A181C6F-DA93-412C-AB0B-9839BCAD9235}.Debug|Any CPU.Build.0 = Debug|Any CPU
		{5A181C6F-DA93-412C-AB0B-9839BCAD9235}.Release|Any CPU.ActiveCfg = Release|Any CPU
		{5A181C6F-DA93-412C-AB0B-9839BCAD9235}.Release|Any CPU.Build.0 = Release|Any CPU
		{D29BF607-6DE3-43ED-BECB-1136F6D5ACBD}.Debug|Any CPU.ActiveCfg = Debug|Any CPU
		{D29BF607-6DE3-43ED-BECB-1136F6D5ACBD}.Debug|Any CPU.Build.0 = Debug|Any CPU
		{D29BF607-6DE3-43ED-BECB-1136F6D5ACBD}.Release|Any CPU.ActiveCfg = Release|Any CPU
		{D29BF607-6DE3-43ED-BECB-1136F6D5ACBD}.Release|Any CPU.Build.0 = Release|Any CPU
		{DF362438-9B53-4A84-8F87-4150A4558A84}.Debug|Any CPU.ActiveCfg = Debug|Any CPU
		{DF362438-9B53-4A84-8F87-4150A4558A84}.Debug|Any CPU.Build.0 = Debug|Any CPU
		{DF362438-9B53-4A84-8F87-4150A4558A84}.Release|Any CPU.ActiveCfg = Release|Any CPU
		{DF362438-9B53-4A84-8F87-4150A4558A84}.Release|Any CPU.Build.0 = Release|Any CPU
	EndGlobalSection
	GlobalSection(SolutionProperties) = preSolution
		HideSolutionNode = FALSE
	EndGlobalSection
	GlobalSection(ExtensibilityGlobals) = postSolution
		SolutionGuid = {832DA086-98A1-4FC2-A0FF-13A9E9D64E2B}
	EndGlobalSection
EndGlobal
